// !$*UTF8*$!
{
	archiveVersion = 1;
	classes = {
	};
	objectVersion = 55;
	objects = {

/* Begin PBXGroup section */
		07E0DAB0288A44A1007F3B22 = {
			isa = PBXGroup;
			children = (
			);
			sourceTree = "<group>";
		};
/* End PBXGroup section */

/* Begin PBXProject section */
		07E0DAB1288A44A1007F3B22 /* Project object */ = {
			isa = PBXProject;
			attributes = {
				BuildIndependentTargetsInParallel = 1;
				LastUpgradeCheck = 1340;
			};
			buildConfigurationList = 07E0DAB4288A44A1007F3B22 /* Build configuration list for PBXProject "Multiplatform" */;
			compatibilityVersion = "Xcode 13.0";
			developmentRegion = en;
			hasScannedForEncodings = 0;
			knownRegions = (
				en,
				Base,
			);
			mainGroup = 07E0DAB0288A44A1007F3B22;
			projectDirPath = "";
			projectRoot = "";
			targets = (
			);
		};
/* End PBXProject section */

/* Begin XCBuildConfiguration section */
		07E0DAB5288A44A1007F3B22 /* Debug */ = {
			isa = XCBuildConfiguration;
			buildSettings = {
			};
			name = Debug;
		};
		07E0DAB6288A44A1007F3B22 /* Release */ = {
			isa = XCBuildConfiguration;
			buildSettings = {
			};
			name = Release;
		};
/* End XCBuildConfiguration section */

/* Begin XCConfigurationList section */
		07E0DAB4288A44A1007F3B22 /* Build configuration list for PBXProject "Multiplatform" */ = {
			isa = XCConfigurationList;
			buildConfigurations = (
				07E0DAB5288A44A1007F3B22 /* Debug */,
				07E0DAB6288A44A1007F3B22 /* Release */,
			);
			defaultConfigurationIsVisible = 0;
			defaultConfigurationName = Release;
		};
/* End XCConfigurationList section */
	};
	rootObject = 07E0DAB1288A44A1007F3B22 /* Project object */;
}
